<Solution>
  <Project Path="RabbitMq.ExcelCreateApp/RabbitMq.ExcelCreateApp.csproj" Id="e6be92b5-3814-445d-b08c-b66ed684051e" />
  <Project Path="RabbitMq.Publisher/RabbitMq.Publisher.csproj" />
  <Project Path="RabbitMq.Shared/RabbitMq.Shared.csproj" Id="0da4390e-a7c9-4a5b-b247-2caf4adcd28b" />
  <Project Path="RabbitMq.Subscriber/RabbitMq.Subscriber.csproj" />
  <Project Path="RabbitMq.WatermarkApp/RabbitMq.WatermarkApp.csproj" Id="f022c318-e083-408f-9593-3aaf2341deca" />
</Solution>
